
Microsoft Visual Studio Solution File, Format Version 12.00
# Visual Studio Version 17
VisualStudioVersion = 17.4.33213.308
MinimumVisualStudioVersion = 10.0.40219.1
Project("{FAE04EC0-301F-11D3-BF4B-00C04F79EFBC}") = "FarmaciaDigital", "FarmaciaDigital.csproj", "{5F76C38B-ED53-4950-80CE-5C0943EF3A5D}"
EndProject
Global
	GlobalSection(SolutionConfigurationPlatforms) = preSolution
		Debug|Any CPU = Debug|Any CPU
		Release|Any CPU = Release|Any CPU
	EndGlobalSection
	GlobalSection(ProjectConfigurationPlatforms) = postSolution
		{5F76C38B-ED53-4950-80CE-5C0943EF3A5D}.Debug|Any CPU.ActiveCfg = Debug|Any CPU
		{5F76C38B-ED53-4950-80CE-5C0943EF3A5D}.Debug|Any CPU.Build.0 = Debug|Any CPU
		{5F76C38B-ED53-4950-80CE-5C0943EF3A5D}.Release|Any CPU.ActiveCfg = Release|Any CPU
		{5F76C38B-ED53-4950-80CE-5C0943EF3A5D}.Release|Any CPU.Build.0 = Release|Any CPU
	EndGlobalSection
	GlobalSection(SolutionProperties) = preSolution
		HideSolutionNode = FALSE
	EndGlobalSection
	GlobalSection(ExtensibilityGlobals) = postSolution
		SolutionGuid = {D1F85276-EA2F-480A-999E-480464D8F017}
	EndGlobalSection
EndGlobal
